
Microsoft Visual Studio Solution File, Format Version 12.00
# Visual Studio 14
VisualStudioVersion = 14.0.23107.0
MinimumVisualStudioVersion = 10.0.40219.1
Project("{FAE04EC0-301F-11D3-BF4B-00C04F79EFBC}") = "MathematicsTypesetting", "MathematicsTypesetting.csproj", "{21F8E20B-A881-4913-BEE3-EB626188EB86}"
EndProject
Project("{FAE04EC0-301F-11D3-BF4B-00C04F79EFBC}") = "MathematicsTypesetting.Tests", "..\MathematicsTypesetting.Tests\MathematicsTypesetting.Tests.csproj", "{0D99CE38-7E28-4C43-AE76-5D6D7C7A7E57}"
EndProject
Project("{FAE04EC0-301F-11D3-BF4B-00C04F79EFBC}") = "MathematicsTypesetting.Examples", "..\MathematicsTypesetting.Examples\MathematicsTypesetting.Examples.csproj", "{7C0C5FE8-9EF5-4F95-9749-EE6055592748}"
EndProject
Project("{FAE04EC0-301F-11D3-BF4B-00C04F79EFBC}") = "MathematicsTypesetting.LaTeX", "..\MathematicsTypesetting.LaTeX\MathematicsTypesetting.LaTeX.csproj", "{7CA6D2C5-768E-4307-AD1F-5407CE3432A4}"
EndProject
Global
	GlobalSection(SolutionConfigurationPlatforms) = preSolution
		Debug|Any CPU = Debug|Any CPU
		Release|Any CPU = Release|Any CPU
	EndGlobalSection
	GlobalSection(ProjectConfigurationPlatforms) = postSolution
		{21F8E20B-A881-4913-BEE3-EB626188EB86}.Debug|Any CPU.ActiveCfg = Debug|Any CPU
		{21F8E20B-A881-4913-BEE3-EB626188EB86}.Debug|Any CPU.Build.0 = Debug|Any CPU
		{21F8E20B-A881-4913-BEE3-EB626188EB86}.Release|Any CPU.ActiveCfg = Release|Any CPU
		{21F8E20B-A881-4913-BEE3-EB626188EB86}.Release|Any CPU.Build.0 = Release|Any CPU
		{0D99CE38-7E28-4C43-AE76-5D6D7C7A7E57}.Debug|Any CPU.ActiveCfg = Debug|Any CPU
		{0D99CE38-7E28-4C43-AE76-5D6D7C7A7E57}.Debug|Any CPU.Build.0 = Debug|Any CPU
		{0D99CE38-7E28-4C43-AE76-5D6D7C7A7E57}.Release|Any CPU.ActiveCfg = Release|Any CPU
		{0D99CE38-7E28-4C43-AE76-5D6D7C7A7E57}.Release|Any CPU.Build.0 = Release|Any CPU
		{7C0C5FE8-9EF5-4F95-9749-EE6055592748}.Debug|Any CPU.ActiveCfg = Debug|Any CPU
		{7C0C5FE8-9EF5-4F95-9749-EE6055592748}.Debug|Any CPU.Build.0 = Debug|Any CPU
		{7C0C5FE8-9EF5-4F95-9749-EE6055592748}.Release|Any CPU.ActiveCfg = Release|Any CPU
		{7C0C5FE8-9EF5-4F95-9749-EE6055592748}.Release|Any CPU.Build.0 = Release|Any CPU
		{7CA6D2C5-768E-4307-AD1F-5407CE3432A4}.Debug|Any CPU.ActiveCfg = Debug|Any CPU
		{7CA6D2C5-768E-4307-AD1F-5407CE3432A4}.Debug|Any CPU.Build.0 = Debug|Any CPU
		{7CA6D2C5-768E-4307-AD1F-5407CE3432A4}.Release|Any CPU.ActiveCfg = Release|Any CPU
		{7CA6D2C5-768E-4307-AD1F-5407CE3432A4}.Release|Any CPU.Build.0 = Release|Any CPU
	EndGlobalSection
	GlobalSection(SolutionProperties) = preSolution
		HideSolutionNode = FALSE
	EndGlobalSection
EndGlobal
